# This file is automatically @generated by Cargo.
# It is not intended for manual editing.
version = 4

[[package]]
name = "ternvale-cli"
version = "0.1.0"

[[package]]
name = "ternvale-config"
version = "0.1.0"

[[package]]
name = "ternvale-devices"
version = "0.1.0"

[[package]]
name = "ternvale-hv"
version = "0.1.0"

[[package]]
name = "ternvale-log"
version = "0.1.0"

[[package]]
name = "ternvale-vmm"
version = "0.1.0"
